// !$*UTF8*$!
{
	archiveVersion = 1;
	classes = {
	};
	objectVersion = 50;
	objects = {

/* Begin PBXBuildFile section */
		2202561923F2E23A00E9BA04 /* AppDelegate.swift in Sources */ = {isa = PBXBuildFile; fileRef = 2202561823F2E23A00E9BA04 /* AppDelegate.swift */; };
		2202561B23F2E23A00E9BA04 /* SceneDelegate.swift in Sources */ = {isa = PBXBuildFile; fileRef = 2202561A23F2E23A00E9BA04 /* SceneDelegate.swift */; };
		2202561D23F2E23A00E9BA04 /* ContentView.swift in Sources */ = {isa = PBXBuildFile; fileRef = 2202561C23F2E23A00E9BA04 /* ContentView.swift */; };
		2202561F23F2E24000E9BA04 /* Assets.xcassets in Resources */ = {isa = PBXBuildFile; fileRef = 2202561E23F2E24000E9BA04 /* Assets.xcassets */; };
		2202562223F2E24000E9BA04 /* Preview Assets.xcassets in Resources */ = {isa = PBXBuildFile; fileRef = 2202562123F2E24000E9BA04 /* Preview Assets.xcassets */; };
		2202562523F2E24000E9BA04 /* LaunchScreen.storyboard in Resources */ = {isa = PBXBuildFile; fileRef = 2202562323F2E24000E9BA04 /* LaunchScreen.storyboard */; };
		2202563023F2E24100E9BA04 /* DonutForgetTests.swift in Sources */ = {isa = PBXBuildFile; fileRef = 2202562F23F2E24100E9BA04 /* DonutForgetTests.swift */; };
		2202563B23F2E24100E9BA04 /* DonutForgetUITests.swift in Sources */ = {isa = PBXBuildFile; fileRef = 2202563A23F2E24100E9BA04 /* DonutForgetUITests.swift */; };
/* End PBXBuildFile section */

/* Begin PBXContainerItemProxy section */
		2202562C23F2E24100E9BA04 /* PBXContainerItemProxy */ = {
			isa = PBXContainerItemProxy;
			containerPortal = 2202560D23F2E23900E9BA04 /* Project object */;
			proxyType = 1;
			remoteGlobalIDString = 2202561423F2E23900E9BA04;
			remoteInfo = DonutForget;
		};
		2202563723F2E24100E9BA04 /* PBXContainerItemProxy */ = {
			isa = PBXContainerItemProxy;
			containerPortal = 2202560D23F2E23900E9BA04 /* Project object */;
			proxyType = 1;
			remoteGlobalIDString = 2202561423F2E23900E9BA04;
			remoteInfo = DonutForget;
		};
/* End PBXContainerItemProxy section */

/* Begin PBXFileReference section */
		2202561523F2E23A00E9BA04 /* DonutForget.app */ = {isa = PBXFileReference; explicitFileType = wrapper.application; includeInIndex = 0; path = DonutForget.app; sourceTree = BUILT_PRODUCTS_DIR; };
		2202561823F2E23A00E9BA04 /* AppDelegate.swift */ = {isa = PBXFileReference; lastKnownFileType = sourcecode.swift; path = AppDelegate.swift; sourceTree = "<group>"; };
		2202561A23F2E23A00E9BA04 /* SceneDelegate.swift */ = {isa = PBXFileReference; lastKnownFileType = sourcecode.swift; path = SceneDelegate.swift; sourceTree = "<group>"; };
		2202561C23F2E23A00E9BA04 /* ContentView.swift */ = {isa = PBXFileReference; lastKnownFileType = sourcecode.swift; path = ContentView.swift; sourceTree = "<group>"; };
		2202561E23F2E24000E9BA04 /* Assets.xcassets */ = {isa = PBXFileReference; lastKnownFileType = folder.assetcatalog; path = Assets.xcassets; sourceTree = "<group>"; };
		2202562123F2E24000E9BA04 /* Preview Assets.xcassets */ = {isa = PBXFileReference; lastKnownFileType = folder.assetcatalog; path = "Preview Assets.xcassets"; sourceTree = "<group>"; };
		2202562423F2E24000E9BA04 /* Base */ = {isa = PBXFileReference; lastKnownFileType = file.storyboard; name = Base; path = Base.lproj/LaunchScreen.storyboard; sourceTree = "<group>"; };
		2202562623F2E24000E9BA04 /* Info.plist */ = {isa = PBXFileReference; lastKnownFileType = text.plist.xml; path = Info.plist; sourceTree = "<group>"; };
		2202562B23F2E24100E9BA04 /* DonutForgetTests.xctest */ = {isa = PBXFileReference; explicitFileType = wrapper.cfbundle; includeInIndex = 0; path = DonutForgetTests.xctest; sourceTree = BUILT_PRODUCTS_DIR; };
		2202562F23F2E24100E9BA04 /* DonutForgetTests.swift */ = {isa = PBXFileReference; lastKnownFileType = sourcecode.swift; path = DonutForgetTests.swift; sourceTree = "<group>"; };
		2202563123F2E24100E9BA04 /* Info.plist */ = {isa = PBXFileReference; lastKnownFileType = text.plist.xml; path = Info.plist; sourceTree = "<group>"; };
		2202563623F2E24100E9BA04 /* DonutForgetUITests.xctest */ = {isa = PBXFileReference; explicitFileType = wrapper.cfbundle; includeInIndex = 0; path = DonutForgetUITests.xctest; sourceTree = BUILT_PRODUCTS_DIR; };
		2202563A23F2E24100E9BA04 /* DonutForgetUITests.swift */ = {isa = PBXFileReference; lastKnownFileType = sourcecode.swift; path = DonutForgetUITests.swift; sourceTree = "<group>"; };
		2202563C23F2E24100E9BA04 /* Info.plist */ = {isa = PBXFileReference; lastKnownFileType = text.plist.xml; path = Info.plist; sourceTree = "<group>"; };
/* End PBXFileReference section */

/* Begin PBXFrameworksBuildPhase section */
		2202561223F2E23900E9BA04 /* Frameworks */ = {
			isa = PBXFrameworksBuildPhase;
			buildActionMask = 2147483647;
			files = (
			);
			runOnlyForDeploymentPostprocessing = 0;
		};
		2202562823F2E24100E9BA04 /* Frameworks */ = {
			isa = PBXFrameworksBuildPhase;
			buildActionMask = 2147483647;
			files = (
			);
			runOnlyForDeploymentPostprocessing = 0;
		};
		2202563323F2E24100E9BA04 /* Frameworks */ = {
			isa = PBXFrameworksBuildPhase;
			buildActionMask = 2147483647;
			files = (
			);
			runOnlyForDeploymentPostprocessing = 0;
		};
/* End PBXFrameworksBuildPhase section */

/* Begin PBXGroup section */
		2202560C23F2E23900E9BA04 = {
			isa = PBXGroup;
			children = (
				2202561723F2E23A00E9BA04 /* DonutForget */,
				2202562E23F2E24100E9BA04 /* DonutForgetTests */,
				2202563923F2E24100E9BA04 /* DonutForgetUITests */,
				2202561623F2E23A00E9BA04 /* Products */,
			);
			sourceTree = "<group>";
		};
		2202561623F2E23A00E9BA04 /* Products */ = {
			isa = PBXGroup;
			children = (
				2202561523F2E23A00E9BA04 /* DonutForget.app */,
				2202562B23F2E24100E9BA04 /* DonutForgetTests.xctest */,
				2202563623F2E24100E9BA04 /* DonutForgetUITests.xctest */,
			);
			name = Products;
			sourceTree = "<group>";
		};
		2202561723F2E23A00E9BA04 /* DonutForget */ = {
			isa = PBXGroup;
			children = (
				2202561823F2E23A00E9BA04 /* AppDelegate.swift */,
				2202561A23F2E23A00E9BA04 /* SceneDelegate.swift */,
				2202561C23F2E23A00E9BA04 /* ContentView.swift */,
				2202561E23F2E24000E9BA04 /* Assets.xcassets */,
				2202562323F2E24000E9BA04 /* LaunchScreen.storyboard */,
				2202562623F2E24000E9BA04 /* Info.plist */,
				2202562023F2E24000E9BA04 /* Preview Content */,
			);
			path = DonutForget;
			sourceTree = "<group>";
		};
		2202562023F2E24000E9BA04 /* Preview Content */ = {
			isa = PBXGroup;
			children = (
				2202562123F2E24000E9BA04 /* Preview Assets.xcassets */,
			);
			path = "Preview Content";
			sourceTree = "<group>";
		};
		2202562E23F2E24100E9BA04 /* DonutForgetTests */ = {
			isa = PBXGroup;
			children = (
				2202562F23F2E24100E9BA04 /* DonutForgetTests.swift */,
				2202563123F2E24100E9BA04 /* Info.plist */,
			);
			path = DonutForgetTests;
			sourceTree = "<group>";
		};
		2202563923F2E24100E9BA04 /* DonutForgetUITests */ = {
			isa = PBXGroup;
			children = (
				2202563A23F2E24100E9BA04 /* DonutForgetUITests.swift */,
				2202563C23F2E24100E9BA04 /* Info.plist */,
			);
			path = DonutForgetUITests;
			sourceTree = "<group>";
		};
/* End PBXGroup section */

/* Begin PBXNativeTarget section */
		2202561423F2E23900E9BA04 /* DonutForget */ = {
			isa = PBXNativeTarget;
			buildConfigurationList = 2202563F23F2E24100E9BA04 /* Build configuration list for PBXNativeTarget "DonutForget" */;
			buildPhases = (
				2202561123F2E23900E9BA04 /* Sources */,
				2202561223F2E23900E9BA04 /* Frameworks */,
				2202561323F2E23900E9BA04 /* Resources */,
			);
			buildRules = (
			);
			dependencies = (
			);
			name = DonutForget;
			productName = DonutForget;
			productReference = 2202561523F2E23A00E9BA04 /* DonutForget.app */;
			productType = "com.apple.product-type.application";
		};
		2202562A23F2E24100E9BA04 /* DonutForgetTests */ = {
			isa = PBXNativeTarget;
			buildConfigurationList = 2202564223F2E24100E9BA04 /* Build configuration list for PBXNativeTarget "DonutForgetTests" */;
			buildPhases = (
				2202562723F2E24100E9BA04 /* Sources */,
				2202562823F2E24100E9BA04 /* Frameworks */,
				2202562923F2E24100E9BA04 /* Resources */,
			);
			buildRules = (
			);
			dependencies = (
				2202562D23F2E24100E9BA04 /* PBXTargetDependency */,
			);
			name = DonutForgetTests;
			productName = DonutForgetTests;
			productReference = 2202562B23F2E24100E9BA04 /* DonutForgetTests.xctest */;
			productType = "com.apple.product-type.bundle.unit-test";
		};
		2202563523F2E24100E9BA04 /* DonutForgetUITests */ = {
			isa = PBXNativeTarget;
			buildConfigurationList = 2202564523F2E24100E9BA04 /* Build configuration list for PBXNativeTarget "DonutForgetUITests" */;
			buildPhases = (
				2202563223F2E24100E9BA04 /* Sources */,
				2202563323F2E24100E9BA04 /* Frameworks */,
				2202563423F2E24100E9BA04 /* Resources */,
			);
			buildRules = (
			);
			dependencies = (
				2202563823F2E24100E9BA04 /* PBXTargetDependency */,
			);
			name = DonutForgetUITests;
			productName = DonutForgetUITests;
			productReference = 2202563623F2E24100E9BA04 /* DonutForgetUITests.xctest */;
			productType = "com.apple.product-type.bundle.ui-testing";
		};
/* End PBXNativeTarget section */

/* Begin PBXProject section */
		2202560D23F2E23900E9BA04 /* Project object */ = {
			isa = PBXProject;
			attributes = {
				LastSwiftUpdateCheck = 1130;
				LastUpgradeCheck = 1130;
				ORGANIZATIONNAME = "João Conrado Santana de Lima Dembiski";
				TargetAttributes = {
					2202561423F2E23900E9BA04 = {
						CreatedOnToolsVersion = 11.3.1;
					};
					2202562A23F2E24100E9BA04 = {
						CreatedOnToolsVersion = 11.3.1;
						TestTargetID = 2202561423F2E23900E9BA04;
					};
					2202563523F2E24100E9BA04 = {
						CreatedOnToolsVersion = 11.3.1;
						TestTargetID = 2202561423F2E23900E9BA04;
					};
				};
			};
			buildConfigurationList = 2202561023F2E23900E9BA04 /* Build configuration list for PBXProject "DonutForget" */;
			compatibilityVersion = "Xcode 9.3";
			developmentRegion = en;
			hasScannedForEncodings = 0;
			knownRegions = (
				en,
				Base,
			);
			mainGroup = 2202560C23F2E23900E9BA04;
			productRefGroup = 2202561623F2E23A00E9BA04 /* Products */;
			projectDirPath = "";
			projectRoot = "";
			targets = (
				2202561423F2E23900E9BA04 /* DonutForget */,
				2202562A23F2E24100E9BA04 /* DonutForgetTests */,
				2202563523F2E24100E9BA04 /* DonutForgetUITests */,
			);
		};
/* End PBXProject section */

/* Begin PBXResourcesBuildPhase section */
		2202561323F2E23900E9BA04 /* Resources */ = {
			isa = PBXResourcesBuildPhase;
			buildActionMask = 2147483647;
			files = (
				2202562523F2E24000E9BA04 /* LaunchScreen.storyboard in Resources */,
				2202562223F2E24000E9BA04 /* Preview Assets.xcassets in Resources */,
				2202561F23F2E24000E9BA04 /* Assets.xcassets in Resources */,
			);
			runOnlyForDeploymentPostprocessing = 0;
		};
		2202562923F2E24100E9BA04 /* Resources */ = {
			isa = PBXResourcesBuildPhase;
			buildActionMask = 2147483647;
			files = (
			);
			runOnlyForDeploymentPostprocessing = 0;
		};
		2202563423F2E24100E9BA04 /* Resources */ = {
			isa = PBXResourcesBuildPhase;
			buildActionMask = 2147483647;
			files = (
			);
			runOnlyForDeploymentPostprocessing = 0;
		};
/* End PBXResourcesBuildPhase section */

/* Begin PBXSourcesBuildPhase section */
		2202561123F2E23900E9BA04 /* Sources */ = {
			isa = PBXSourcesBuildPhase;
			buildActionMask = 2147483647;
			files = (
				2202561923F2E23A00E9BA04 /* AppDelegate.swift in Sources */,
				2202561B23F2E23A00E9BA04 /* SceneDelegate.swift in Sources */,
				2202561D23F2E23A00E9BA04 /* ContentView.swift in Sources */,
			);
			runOnlyForDeploymentPostprocessing = 0;
		};
		2202562723F2E24100E9BA04 /* Sources */ = {
			isa = PBXSourcesBuildPhase;
			buildActionMask = 2147483647;
			files = (
				2202563023F2E24100E9BA04 /* DonutForgetTests.swift in Sources */,
			);
			runOnlyForDeploymentPostprocessing = 0;
		};
		2202563223F2E24100E9BA04 /* Sources */ = {
			isa = PBXSourcesBuildPhase;
			buildActionMask = 2147483647;
			files = (
				2202563B23F2E24100E9BA04 /* DonutForgetUITests.swift in Sources */,
			);
			runOnlyForDeploymentPostprocessing = 0;
		};
/* End PBXSourcesBuildPhase section */

/* Begin PBXTargetDependency section */
		2202562D23F2E24100E9BA04 /* PBXTargetDependency */ = {
			isa = PBXTargetDependency;
			target = 2202561423F2E23900E9BA04 /* DonutForget */;
			targetProxy = 2202562C23F2E24100E9BA04 /* PBXContainerItemProxy */;
		};
		2202563823F2E24100E9BA04 /* PBXTargetDependency */ = {
			isa = PBXTargetDependency;
			target = 2202561423F2E23900E9BA04 /* DonutForget */;
			targetProxy = 2202563723F2E24100E9BA04 /* PBXContainerItemProxy */;
		};
/* End PBXTargetDependency section */

/* Begin PBXVariantGroup section */
		2202562323F2E24000E9BA04 /* LaunchScreen.storyboard */ = {
			isa = PBXVariantGroup;
			children = (
				2202562423F2E24000E9BA04 /* Base */,
			);
			name = LaunchScreen.storyboard;
			sourceTree = "<group>";
		};
/* End PBXVariantGroup section */

/* Begin XCBuildConfiguration section */
		2202563D23F2E24100E9BA04 /* Debug */ = {
			isa = XCBuildConfiguration;
			buildSettings = {
				ALWAYS_SEARCH_USER_PATHS = NO;
				CLANG_ANALYZER_NONNULL = YES;
				CLANG_ANALYZER_NUMBER_OBJECT_CONVERSION = YES_AGGRESSIVE;
				CLANG_CXX_LANGUAGE_STANDARD = "gnu++14";
				CLANG_CXX_LIBRARY = "libc++";
				CLANG_ENABLE_MODULES = YES;
				CLANG_ENABLE_OBJC_ARC = YES;
				CLANG_ENABLE_OBJC_WEAK = YES;
				CLANG_WARN_BLOCK_CAPTURE_AUTORELEASING = YES;
				CLANG_WARN_BOOL_CONVERSION = YES;
				CLANG_WARN_COMMA = YES;
				CLANG_WARN_CONSTANT_CONVERSION = YES;
				CLANG_WARN_DEPRECATED_OBJC_IMPLEMENTATIONS = YES;
				CLANG_WARN_DIRECT_OBJC_ISA_USAGE = YES_ERROR;
				CLANG_WARN_DOCUMENTATION_COMMENTS = YES;
				CLANG_WARN_EMPTY_BODY = YES;
				CLANG_WARN_ENUM_CONVERSION = YES;
				CLANG_WARN_INFINITE_RECURSION = YES;
				CLANG_WARN_INT_CONVERSION = YES;
				CLANG_WARN_NON_LITERAL_NULL_CONVERSION = YES;
				CLANG_WARN_OBJC_IMPLICIT_RETAIN_SELF = YES;
				CLANG_WARN_OBJC_LITERAL_CONVERSION = YES;
				CLANG_WARN_OBJC_ROOT_CLASS = YES_ERROR;
				CLANG_WARN_RANGE_LOOP_ANALYSIS = YES;
				CLANG_WARN_STRICT_PROTOTYPES = YES;
				CLANG_WARN_SUSPICIOUS_MOVE = YES;
				CLANG_WARN_UNGUARDED_AVAILABILITY = YES_AGGRESSIVE;
				CLANG_WARN_UNREACHABLE_CODE = YES;
				CLANG_WARN__DUPLICATE_METHOD_MATCH = YES;
				COPY_PHASE_STRIP = NO;
				DEBUG_INFORMATION_FORMAT = dwarf;
				ENABLE_STRICT_OBJC_MSGSEND = YES;
				ENABLE_TESTABILITY = YES;
				GCC_C_LANGUAGE_STANDARD = gnu11;
				GCC_DYNAMIC_NO_PIC = NO;
				GCC_NO_COMMON_BLOCKS = YES;
				GCC_OPTIMIZATION_LEVEL = 0;
				GCC_PREPROCESSOR_DEFINITIONS = (
					"DEBUG=1",
					"$(inherited)",
				);
				GCC_WARN_64_TO_32_BIT_CONVERSION = YES;
				GCC_WARN_ABOUT_RETURN_TYPE = YES_ERROR;
				GCC_WARN_UNDECLARED_SELECTOR = YES;
				GCC_WARN_UNINITIALIZED_AUTOS = YES_AGGRESSIVE;
				GCC_WARN_UNUSED_FUNCTION = YES;
				GCC_WARN_UNUSED_VARIABLE = YES;
				IPHONEOS_DEPLOYMENT_TARGET = 13.2;
				MTL_ENABLE_DEBUG_INFO = INCLUDE_SOURCE;
				MTL_FAST_MATH = YES;
				ONLY_ACTIVE_ARCH = YES;
				SDKROOT = iphoneos;
				SWIFT_ACTIVE_COMPILATION_CONDITIONS = DEBUG;
				SWIFT_OPTIMIZATION_LEVEL = "-Onone";
			};
			name = Debug;
		};
		2202563E23F2E24100E9BA04 /* Release */ = {
			isa = XCBuildConfiguration;
			buildSettings = {
				ALWAYS_SEARCH_USER_PATHS = NO;
				CLANG_ANALYZER_NONNULL = YES;
				CLANG_ANALYZER_NUMBER_OBJECT_CONVERSION = YES_AGGRESSIVE;
				CLANG_CXX_LANGUAGE_STANDARD = "gnu++14";
				CLANG_CXX_LIBRARY = "libc++";
				CLANG_ENABLE_MODULES = YES;
				CLANG_ENABLE_OBJC_ARC = YES;
				CLANG_ENABLE_OBJC_WEAK = YES;
				CLANG_WARN_BLOCK_CAPTURE_AUTORELEASING = YES;
				CLANG_WARN_BOOL_CONVERSION = YES;
				CLANG_WARN_COMMA = YES;
				CLANG_WARN_CONSTANT_CONVERSION = YES;
				CLANG_WARN_DEPRECATED_OBJC_IMPLEMENTATIONS = YES;
				CLANG_WARN_DIRECT_OBJC_ISA_USAGE = YES_ERROR;
				CLANG_WARN_DOCUMENTATION_COMMENTS = YES;
				CLANG_WARN_EMPTY_BODY = YES;
				CLANG_WARN_ENUM_CONVERSION = YES;
				CLANG_WARN_INFINITE_RECURSION = YES;
				CLANG_WARN_INT_CONVERSION = YES;
				CLANG_WARN_NON_LITERAL_NULL_CONVERSION = YES;
				CLANG_WARN_OBJC_IMPLICIT_RETAIN_SELF = YES;
				CLANG_WARN_OBJC_LITERAL_CONVERSION = YES;
				CLANG_WARN_OBJC_ROOT_CLASS = YES_ERROR;
				CLANG_WARN_RANGE_LOOP_ANALYSIS = YES;
				CLANG_WARN_STRICT_PROTOTYPES = YES;
				CLANG_WARN_SUSPICIOUS_MOVE = YES;
				CLANG_WARN_UNGUARDED_AVAILABILITY = YES_AGGRESSIVE;
				CLANG_WARN_UNREACHABLE_CODE = YES;
				CLANG_WARN__DUPLICATE_METHOD_MATCH = YES;
				COPY_PHASE_STRIP = NO;
				DEBUG_INFORMATION_FORMAT = "dwarf-with-dsym";
				ENABLE_NS_ASSERTIONS = NO;
				ENABLE_STRICT_OBJC_MSGSEND = YES;
				GCC_C_LANGUAGE_STANDARD = gnu11;
				GCC_NO_COMMON_BLOCKS = YES;
				GCC_WARN_64_TO_32_BIT_CONVERSION = YES;
				GCC_WARN_ABOUT_RETURN_TYPE = YES_ERROR;
				GCC_WARN_UNDECLARED_SELECTOR = YES;
				GCC_WARN_UNINITIALIZED_AUTOS = YES_AGGRESSIVE;
				GCC_WARN_UNUSED_FUNCTION = YES;
				GCC_WARN_UNUSED_VARIABLE = YES;
				IPHONEOS_DEPLOYMENT_TARGET = 13.2;
				MTL_ENABLE_DEBUG_INFO = NO;
				MTL_FAST_MATH = YES;
				SDKROOT = iphoneos;
				SWIFT_COMPILATION_MODE = wholemodule;
				SWIFT_OPTIMIZATION_LEVEL = "-O";
				VALIDATE_PRODUCT = YES;
			};
			name = Release;
		};
		2202564023F2E24100E9BA04 /* Debug */ = {
			isa = XCBuildConfiguration;
			buildSettings = {
				ASSETCATALOG_COMPILER_APPICON_NAME = AppIcon;
				CODE_SIGN_STYLE = Automatic;
				DEVELOPMENT_ASSET_PATHS = "\"DonutForget/Preview Content\"";
				DEVELOPMENT_TEAM = QF2XVHQ9W2;
				ENABLE_PREVIEWS = YES;
				INFOPLIST_FILE = DonutForget/Info.plist;
				LD_RUNPATH_SEARCH_PATHS = (
					"$(inherited)",
					"@executable_path/Frameworks",
				);
				PRODUCT_BUNDLE_IDENTIFIER = conridersabitski.DonutForget;
				PRODUCT_NAME = "$(TARGET_NAME)";
				SWIFT_VERSION = 5.0;
				TARGETED_DEVICE_FAMILY = "1,2";
			};
			name = Debug;
		};
		2202564123F2E24100E9BA04 /* Release */ = {
			isa = XCBuildConfiguration;
			buildSettings = {
				ASSETCATALOG_COMPILER_APPICON_NAME = AppIcon;
				CODE_SIGN_STYLE = Automatic;
				DEVELOPMENT_ASSET_PATHS = "\"DonutForget/Preview Content\"";
				DEVELOPMENT_TEAM = QF2XVHQ9W2;
				ENABLE_PREVIEWS = YES;
				INFOPLIST_FILE = DonutForget/Info.plist;
				LD_RUNPATH_SEARCH_PATHS = (
					"$(inherited)",
					"@executable_path/Frameworks",
				);
				PRODUCT_BUNDLE_IDENTIFIER = conridersabitski.DonutForget;
				PRODUCT_NAME = "$(TARGET_NAME)";
				SWIFT_VERSION = 5.0;
				TARGETED_DEVICE_FAMILY = "1,2";
			};
			name = Release;
		};
		2202564323F2E24100E9BA04 /* Debug */ = {
			isa = XCBuildConfiguration;
			buildSettings = {
				ALWAYS_EMBED_SWIFT_STANDARD_LIBRARIES = YES;
				BUNDLE_LOADER = "$(TEST_HOST)";
				CODE_SIGN_STYLE = Automatic;
				DEVELOPMENT_TEAM = QF2XVHQ9W2;
				INFOPLIST_FILE = DonutForgetTests/Info.plist;
				IPHONEOS_DEPLOYMENT_TARGET = 13.2;
				LD_RUNPATH_SEARCH_PATHS = (
					"$(inherited)",
					"@executable_path/Frameworks",
					"@loader_path/Frameworks",
				);
				PRODUCT_BUNDLE_IDENTIFIER = conridersabitski.DonutForgetTests;
				PRODUCT_NAME = "$(TARGET_NAME)";
				SWIFT_VERSION = 5.0;
				TARGETED_DEVICE_FAMILY = "1,2";
				TEST_HOST = "$(BUILT_PRODUCTS_DIR)/DonutForget.app/DonutForget";
			};
			name = Debug;
		};
		2202564423F2E24100E9BA04 /* Release */ = {
			isa = XCBuildConfiguration;
			buildSettings = {
				ALWAYS_EMBED_SWIFT_STANDARD_LIBRARIES = YES;
				BUNDLE_LOADER = "$(TEST_HOST)";
				CODE_SIGN_STYLE = Automatic;
				DEVELOPMENT_TEAM = QF2XVHQ9W2;
				INFOPLIST_FILE = DonutForgetTests/Info.plist;
				IPHONEOS_DEPLOYMENT_TARGET = 13.2;
				LD_RUNPATH_SEARCH_PATHS = (
					"$(inherited)",
					"@executable_path/Frameworks",
					"@loader_path/Frameworks",
				);
				PRODUCT_BUNDLE_IDENTIFIER = conridersabitski.DonutForgetTests;
				PRODUCT_NAME = "$(TARGET_NAME)";
				SWIFT_VERSION = 5.0;
				TARGETED_DEVICE_FAMILY = "1,2";
				TEST_HOST = "$(BUILT_PRODUCTS_DIR)/DonutForget.app/DonutForget";
			};
			name = Release;
		};
		2202564623F2E24100E9BA04 /* Debug */ = {
			isa = XCBuildConfiguration;
			buildSettings = {
				ALWAYS_EMBED_SWIFT_STANDARD_LIBRARIES = YES;
				CODE_SIGN_STYLE = Automatic;
				DEVELOPMENT_TEAM = QF2XVHQ9W2;
				INFOPLIST_FILE = DonutForgetUITests/Info.plist;
				LD_RUNPATH_SEARCH_PATHS = (
					"$(inherited)",
					"@executable_path/Frameworks",
					"@loader_path/Frameworks",
				);
				PRODUCT_BUNDLE_IDENTIFIER = conridersabitski.DonutForgetUITests;
				PRODUCT_NAME = "$(TARGET_NAME)";
				SWIFT_VERSION = 5.0;
				TARGETED_DEVICE_FAMILY = "1,2";
				TEST_TARGET_NAME = DonutForget;
			};
			name = Debug;
		};
		2202564723F2E24100E9BA04 /* Release */ = {
			isa = XCBuildConfiguration;
			buildSettings = {
				ALWAYS_EMBED_SWIFT_STANDARD_LIBRARIES = YES;
				CODE_SIGN_STYLE = Automatic;
				DEVELOPMENT_TEAM = QF2XVHQ9W2;
				INFOPLIST_FILE = DonutForgetUITests/Info.plist;
				LD_RUNPATH_SEARCH_PATHS = (
					"$(inherited)",
					"@executable_path/Frameworks",
					"@loader_path/Frameworks",
				);
				PRODUCT_BUNDLE_IDENTIFIER = conridersabitski.DonutForgetUITests;
				PRODUCT_NAME = "$(TARGET_NAME)";
				SWIFT_VERSION = 5.0;
				TARGETED_DEVICE_FAMILY = "1,2";
				TEST_TARGET_NAME = DonutForget;
			};
			name = Release;
		};
/* End XCBuildConfiguration section */

/* Begin XCConfigurationList section */
		2202561023F2E23900E9BA04 /* Build configuration list for PBXProject "DonutForget" */ = {
			isa = XCConfigurationList;
			buildConfigurations = (
				2202563D23F2E24100E9BA04 /* Debug */,
				2202563E23F2E24100E9BA04 /* Release */,
			);
			defaultConfigurationIsVisible = 0;
			defaultConfigurationName = Release;
		};
		2202563F23F2E24100E9BA04 /* Build configuration list for PBXNativeTarget "DonutForget" */ = {
			isa = XCConfigurationList;
			buildConfigurations = (
				2202564023F2E24100E9BA04 /* Debug */,
				2202564123F2E24100E9BA04 /* Release */,
			);
			defaultConfigurationIsVisible = 0;
			defaultConfigurationName = Release;
		};
		2202564223F2E24100E9BA04 /* Build configuration list for PBXNativeTarget "DonutForgetTests" */ = {
			isa = XCConfigurationList;
			buildConfigurations = (
				2202564323F2E24100E9BA04 /* Debug */,
				2202564423F2E24100E9BA04 /* Release */,
			);
			defaultConfigurationIsVisible = 0;
			defaultConfigurationName = Release;
		};
		2202564523F2E24100E9BA04 /* Build configuration list for PBXNativeTarget "DonutForgetUITests" */ = {
			isa = XCConfigurationList;
			buildConfigurations = (
				2202564623F2E24100E9BA04 /* Debug */,
				2202564723F2E24100E9BA04 /* Release */,
			);
			defaultConfigurationIsVisible = 0;
			defaultConfigurationName = Release;
		};
/* End XCConfigurationList section */
	};
	rootObject = 2202560D23F2E23900E9BA04 /* Project object */;
}
